
Microsoft Visual Studio Solution File, Format Version 12.00
# Visual Studio 15
VisualStudioVersion = 15.0.26124.0
MinimumVisualStudioVersion = 15.0.26124.0
Project("{2150E333-8FDC-42A3-9474-1A3956D46DE8}") = "src", "src", "{657DED23-88C4-4049-8FC4-8D1901A732B8}"
EndProject
Project("{FAE04EC0-301F-11D3-BF4B-00C04F79EFBC}") = "Aiko", "src\Aiko\Aiko.csproj", "{420B2F70-5F42-40AC-A55C-520A04885148}"
EndProject
Global
	GlobalSection(SolutionConfigurationPlatforms) = preSolution
		Debug|Any CPU = Debug|Any CPU
		Debug|x64 = Debug|x64
		Debug|x86 = Debug|x86
		Release|Any CPU = Release|Any CPU
		Release|x64 = Release|x64
		Release|x86 = Release|x86
	EndGlobalSection
	GlobalSection(SolutionProperties) = preSolution
		HideSolutionNode = FALSE
	EndGlobalSection
	GlobalSection(ProjectConfigurationPlatforms) = postSolution
		{420B2F70-5F42-40AC-A55C-520A04885148}.Debug|Any CPU.ActiveCfg = Debug|Any CPU
		{420B2F70-5F42-40AC-A55C-520A04885148}.Debug|Any CPU.Build.0 = Debug|Any CPU
		{420B2F70-5F42-40AC-A55C-520A04885148}.Debug|x64.ActiveCfg = Debug|Any CPU
		{420B2F70-5F42-40AC-A55C-520A04885148}.Debug|x64.Build.0 = Debug|Any CPU
		{420B2F70-5F42-40AC-A55C-520A04885148}.Debug|x86.ActiveCfg = Debug|Any CPU
		{420B2F70-5F42-40AC-A55C-520A04885148}.Debug|x86.Build.0 = Debug|Any CPU
		{420B2F70-5F42-40AC-A55C-520A04885148}.Release|Any CPU.ActiveCfg = Release|Any CPU
		{420B2F70-5F42-40AC-A55C-520A04885148}.Release|Any CPU.Build.0 = Release|Any CPU
		{420B2F70-5F42-40AC-A55C-520A04885148}.Release|x64.ActiveCfg = Release|Any CPU
		{420B2F70-5F42-40AC-A55C-520A04885148}.Release|x64.Build.0 = Release|Any CPU
		{420B2F70-5F42-40AC-A55C-520A04885148}.Release|x86.ActiveCfg = Release|Any CPU
		{420B2F70-5F42-40AC-A55C-520A04885148}.Release|x86.Build.0 = Release|Any CPU
	EndGlobalSection
	GlobalSection(NestedProjects) = preSolution
		{420B2F70-5F42-40AC-A55C-520A04885148} = {657DED23-88C4-4049-8FC4-8D1901A732B8}
	EndGlobalSection
EndGlobal
